// !$*UTF8*$!
{
	archiveVersion = 1;
	classes = {
	};
	objectVersion = 46;
	objects = {

/* Begin PBXBuildFile section */
		15F97A9A1D1866796488A918 /* Pods_LocksmithUITests.framework in Frameworks */ = {isa = PBXBuildFile; fileRef = EFB497C70C7846DD5595A4E0 /* Pods_LocksmithUITests.framework */; };
		512628E5A16BFA92EC981076 /* Pods_LocksmithTests.framework in Frameworks */ = {isa = PBXBuildFile; fileRef = 76530D542B1657591DDDA6BC /* Pods_LocksmithTests.framework */; };
		8E0198792202A6F400658D81 /* EndlessGameScene.swift in Sources */ = {isa = PBXBuildFile; fileRef = 8E0198782202A6F400658D81 /* EndlessGameScene.swift */; };
		8E01987B2202AC6E00658D81 /* EndlessGameViewController.swift in Sources */ = {isa = PBXBuildFile; fileRef = 8E01987A2202AC6E00658D81 /* EndlessGameViewController.swift */; };
		8E3B4D5922023CD400FF0C7E /* StatsViewController.swift in Sources */ = {isa = PBXBuildFile; fileRef = 8E3B4D5822023CD400FF0C7E /* StatsViewController.swift */; };
		8E3BACC22202102600606C49 /* GoogleService-Info.plist in Resources */ = {isa = PBXBuildFile; fileRef = 8E3BACC12202102600606C49 /* GoogleService-Info.plist */; };
		A605C9D81BB3F06600E9497F /* AppDelegate.swift in Sources */ = {isa = PBXBuildFile; fileRef = A605C9D71BB3F06600E9497F /* AppDelegate.swift */; };
		A605C9DC1BB3F06600E9497F /* GameScene.swift in Sources */ = {isa = PBXBuildFile; fileRef = A605C9DB1BB3F06600E9497F /* GameScene.swift */; };
		A605C9DE1BB3F06600E9497F /* GameViewController.swift in Sources */ = {isa = PBXBuildFile; fileRef = A605C9DD1BB3F06600E9497F /* GameViewController.swift */; };
		A605C9E11BB3F06600E9497F /* Main.storyboard in Resources */ = {isa = PBXBuildFile; fileRef = A605C9DF1BB3F06600E9497F /* Main.storyboard */; };
		A605C9E31BB3F06600E9497F /* Assets.xcassets in Resources */ = {isa = PBXBuildFile; fileRef = A605C9E21BB3F06600E9497F /* Assets.xcassets */; };
		A605C9E61BB3F06600E9497F /* LaunchScreen.storyboard in Resources */ = {isa = PBXBuildFile; fileRef = A605C9E41BB3F06600E9497F /* LaunchScreen.storyboard */; };
		A605C9F11BB3F06600E9497F /* LocksmithTests.swift in Sources */ = {isa = PBXBuildFile; fileRef = A605C9F01BB3F06600E9497F /* LocksmithTests.swift */; };
		A605C9FC1BB3F06600E9497F /* LocksmithUITests.swift in Sources */ = {isa = PBXBuildFile; fileRef = A605C9FB1BB3F06600E9497F /* LocksmithUITests.swift */; };
		A605CA0A1BB42A4C00E9497F /* Extensions.swift in Sources */ = {isa = PBXBuildFile; fileRef = A605CA091BB42A4C00E9497F /* Extensions.swift */; };
		A605CA0C1BB45F4200E9497F /* MenuViewController.swift in Sources */ = {isa = PBXBuildFile; fileRef = A605CA0B1BB45F4200E9497F /* MenuViewController.swift */; };
		D6F49C5B8EDA1EA86A38E7AB /* Pods_Locksmith.framework in Frameworks */ = {isa = PBXBuildFile; fileRef = 5807C88D3E4CE7CC4BFE60E0 /* Pods_Locksmith.framework */; };
/* End PBXBuildFile section */

/* Begin PBXContainerItemProxy section */
		A605C9ED1BB3F06600E9497F /* PBXContainerItemProxy */ = {
			isa = PBXContainerItemProxy;
			containerPortal = A605C9CC1BB3F06600E9497F /* Project object */;
			proxyType = 1;
			remoteGlobalIDString = A605C9D31BB3F06600E9497F;
			remoteInfo = Locksmith;
		};
		A605C9F81BB3F06600E9497F /* PBXContainerItemProxy */ = {
			isa = PBXContainerItemProxy;
			containerPortal = A605C9CC1BB3F06600E9497F /* Project object */;
			proxyType = 1;
			remoteGlobalIDString = A605C9D31BB3F06600E9497F;
			remoteInfo = Locksmith;
		};
/* End PBXContainerItemProxy section */

/* Begin PBXFileReference section */
		2363AA67C05A6E5F8356603E /* Pods-LocksmithUITests.debug.xcconfig */ = {isa = PBXFileReference; includeInIndex = 1; lastKnownFileType = text.xcconfig; name = "Pods-LocksmithUITests.debug.xcconfig"; path = "Pods/Target Support Files/Pods-LocksmithUITests/Pods-LocksmithUITests.debug.xcconfig"; sourceTree = "<group>"; };
		572AE55DEC49786ACF462619 /* Pods-LocksmithTests.debug.xcconfig */ = {isa = PBXFileReference; includeInIndex = 1; lastKnownFileType = text.xcconfig; name = "Pods-LocksmithTests.debug.xcconfig"; path = "Pods/Target Support Files/Pods-LocksmithTests/Pods-LocksmithTests.debug.xcconfig"; sourceTree = "<group>"; };
		5807C88D3E4CE7CC4BFE60E0 /* Pods_Locksmith.framework */ = {isa = PBXFileReference; explicitFileType = wrapper.framework; includeInIndex = 0; path = Pods_Locksmith.framework; sourceTree = BUILT_PRODUCTS_DIR; };
		76530D542B1657591DDDA6BC /* Pods_LocksmithTests.framework */ = {isa = PBXFileReference; explicitFileType = wrapper.framework; includeInIndex = 0; path = Pods_LocksmithTests.framework; sourceTree = BUILT_PRODUCTS_DIR; };
		8E0198782202A6F400658D81 /* EndlessGameScene.swift */ = {isa = PBXFileReference; lastKnownFileType = sourcecode.swift; path = EndlessGameScene.swift; sourceTree = "<group>"; };
		8E01987A2202AC6E00658D81 /* EndlessGameViewController.swift */ = {isa = PBXFileReference; lastKnownFileType = sourcecode.swift; path = EndlessGameViewController.swift; sourceTree = "<group>"; };
		8E3B4D5822023CD400FF0C7E /* StatsViewController.swift */ = {isa = PBXFileReference; lastKnownFileType = sourcecode.swift; path = StatsViewController.swift; sourceTree = "<group>"; };
		8E3BACBF21FF853900606C49 /* iAd.framework */ = {isa = PBXFileReference; lastKnownFileType = wrapper.framework; name = iAd.framework; path = System/Library/Frameworks/iAd.framework; sourceTree = SDKROOT; };
		8E3BACC12202102600606C49 /* GoogleService-Info.plist */ = {isa = PBXFileReference; fileEncoding = 4; lastKnownFileType = text.plist.xml; path = "GoogleService-Info.plist"; sourceTree = "<group>"; };
		9202845C5468E61E3881DB35 /* Pods-Locksmith.debug.xcconfig */ = {isa = PBXFileReference; includeInIndex = 1; lastKnownFileType = text.xcconfig; name = "Pods-Locksmith.debug.xcconfig"; path = "Pods/Target Support Files/Pods-Locksmith/Pods-Locksmith.debug.xcconfig"; sourceTree = "<group>"; };
		9D4E76E06D3319BAC85BA627 /* Pods-LocksmithTests.release.xcconfig */ = {isa = PBXFileReference; includeInIndex = 1; lastKnownFileType = text.xcconfig; name = "Pods-LocksmithTests.release.xcconfig"; path = "Pods/Target Support Files/Pods-LocksmithTests/Pods-LocksmithTests.release.xcconfig"; sourceTree = "<group>"; };
		A605C9D41BB3F06600E9497F /* Locksmith.app */ = {isa = PBXFileReference; explicitFileType = wrapper.application; includeInIndex = 0; path = Locksmith.app; sourceTree = BUILT_PRODUCTS_DIR; };
		A605C9D71BB3F06600E9497F /* AppDelegate.swift */ = {isa = PBXFileReference; lastKnownFileType = sourcecode.swift; path = AppDelegate.swift; sourceTree = "<group>"; };
		A605C9DB1BB3F06600E9497F /* GameScene.swift */ = {isa = PBXFileReference; lastKnownFileType = sourcecode.swift; path = GameScene.swift; sourceTree = "<group>"; };
		A605C9DD1BB3F06600E9497F /* GameViewController.swift */ = {isa = PBXFileReference; lastKnownFileType = sourcecode.swift; path = GameViewController.swift; sourceTree = "<group>"; };
		A605C9E01BB3F06600E9497F /* Base */ = {isa = PBXFileReference; lastKnownFileType = file.storyboard; name = Base; path = Base.lproj/Main.storyboard; sourceTree = "<group>"; };
		A605C9E21BB3F06600E9497F /* Assets.xcassets */ = {isa = PBXFileReference; lastKnownFileType = folder.assetcatalog; path = Assets.xcassets; sourceTree = "<group>"; };
		A605C9E51BB3F06600E9497F /* Base */ = {isa = PBXFileReference; lastKnownFileType = file.storyboard; name = Base; path = Base.lproj/LaunchScreen.storyboard; sourceTree = "<group>"; };
		A605C9E71BB3F06600E9497F /* Info.plist */ = {isa = PBXFileReference; lastKnownFileType = text.plist.xml; path = Info.plist; sourceTree = "<group>"; };
		A605C9EC1BB3F06600E9497F /* LocksmithTests.xctest */ = {isa = PBXFileReference; explicitFileType = wrapper.cfbundle; includeInIndex = 0; path = LocksmithTests.xctest; sourceTree = BUILT_PRODUCTS_DIR; };
		A605C9F01BB3F06600E9497F /* LocksmithTests.swift */ = {isa = PBXFileReference; lastKnownFileType = sourcecode.swift; path = LocksmithTests.swift; sourceTree = "<group>"; };
		A605C9F21BB3F06600E9497F /* Info.plist */ = {isa = PBXFileReference; lastKnownFileType = text.plist.xml; path = Info.plist; sourceTree = "<group>"; };
		A605C9F71BB3F06600E9497F /* LocksmithUITests.xctest */ = {isa = PBXFileReference; explicitFileType = wrapper.cfbundle; includeInIndex = 0; path = LocksmithUITests.xctest; sourceTree = BUILT_PRODUCTS_DIR; };
		A605C9FB1BB3F06600E9497F /* LocksmithUITests.swift */ = {isa = PBXFileReference; lastKnownFileType = sourcecode.swift; path = LocksmithUITests.swift; sourceTree = "<group>"; };
		A605C9FD1BB3F06600E9497F /* Info.plist */ = {isa = PBXFileReference; lastKnownFileType = text.plist.xml; path = Info.plist; sourceTree = "<group>"; };
		A605CA091BB42A4C00E9497F /* Extensions.swift */ = {isa = PBXFileReference; fileEncoding = 4; lastKnownFileType = sourcecode.swift; path = Extensions.swift; sourceTree = "<group>"; };
		A605CA0B1BB45F4200E9497F /* MenuViewController.swift */ = {isa = PBXFileReference; fileEncoding = 4; lastKnownFileType = sourcecode.swift; path = MenuViewController.swift; sourceTree = "<group>"; };
		D830985EA3986F33F74AAABF /* Pods-LocksmithUITests.release.xcconfig */ = {isa = PBXFileReference; includeInIndex = 1; lastKnownFileType = text.xcconfig; name = "Pods-LocksmithUITests.release.xcconfig"; path = "Pods/Target Support Files/Pods-LocksmithUITests/Pods-LocksmithUITests.release.xcconfig"; sourceTree = "<group>"; };
		DCA8D21022AFBCE23298983D /* Pods-Locksmith.release.xcconfig */ = {isa = PBXFileReference; includeInIndex = 1; lastKnownFileType = text.xcconfig; name = "Pods-Locksmith.release.xcconfig"; path = "Pods/Target Support Files/Pods-Locksmith/Pods-Locksmith.release.xcconfig"; sourceTree = "<group>"; };
		EFB497C70C7846DD5595A4E0 /* Pods_LocksmithUITests.framework */ = {isa = PBXFileReference; explicitFileType = wrapper.framework; includeInIndex = 0; path = Pods_LocksmithUITests.framework; sourceTree = BUILT_PRODUCTS_DIR; };
/* End PBXFileReference section */

/* Begin PBXFrameworksBuildPhase section */
		A605C9D11BB3F06600E9497F /* Frameworks */ = {
			isa = PBXFrameworksBuildPhase;
			buildActionMask = 2147483647;
			files = (
				D6F49C5B8EDA1EA86A38E7AB /* Pods_Locksmith.framework in Frameworks */,
			);
			runOnlyForDeploymentPostprocessing = 0;
		};
		A605C9E91BB3F06600E9497F /* Frameworks */ = {
			isa = PBXFrameworksBuildPhase;
			buildActionMask = 2147483647;
			files = (
				512628E5A16BFA92EC981076 /* Pods_LocksmithTests.framework in Frameworks */,
			);
			runOnlyForDeploymentPostprocessing = 0;
		};
		A605C9F41BB3F06600E9497F /* Frameworks */ = {
			isa = PBXFrameworksBuildPhase;
			buildActionMask = 2147483647;
			files = (
				15F97A9A1D1866796488A918 /* Pods_LocksmithUITests.framework in Frameworks */,
			);
			runOnlyForDeploymentPostprocessing = 0;
		};
/* End PBXFrameworksBuildPhase section */

/* Begin PBXGroup section */
		8E3BACBE21FF853900606C49 /* Frameworks */ = {
			isa = PBXGroup;
			children = (
				8E3BACBF21FF853900606C49 /* iAd.framework */,
				5807C88D3E4CE7CC4BFE60E0 /* Pods_Locksmith.framework */,
				76530D542B1657591DDDA6BC /* Pods_LocksmithTests.framework */,
				EFB497C70C7846DD5595A4E0 /* Pods_LocksmithUITests.framework */,
			);
			name = Frameworks;
			sourceTree = "<group>";
		};
		A164DB5B4C72AFBA2C15FED6 /* Pods */ = {
			isa = PBXGroup;
			children = (
				9202845C5468E61E3881DB35 /* Pods-Locksmith.debug.xcconfig */,
				DCA8D21022AFBCE23298983D /* Pods-Locksmith.release.xcconfig */,
				572AE55DEC49786ACF462619 /* Pods-LocksmithTests.debug.xcconfig */,
				9D4E76E06D3319BAC85BA627 /* Pods-LocksmithTests.release.xcconfig */,
				2363AA67C05A6E5F8356603E /* Pods-LocksmithUITests.debug.xcconfig */,
				D830985EA3986F33F74AAABF /* Pods-LocksmithUITests.release.xcconfig */,
			);
			name = Pods;
			sourceTree = "<group>";
		};
		A605C9CB1BB3F06600E9497F = {
			isa = PBXGroup;
			children = (
				A605C9D61BB3F06600E9497F /* Locksmith */,
				A605C9EF1BB3F06600E9497F /* LocksmithTests */,
				A605C9FA1BB3F06600E9497F /* LocksmithUITests */,
				A605C9D51BB3F06600E9497F /* Products */,
				8E3BACBE21FF853900606C49 /* Frameworks */,
				A164DB5B4C72AFBA2C15FED6 /* Pods */,
			);
			sourceTree = "<group>";
		};
		A605C9D51BB3F06600E9497F /* Products */ = {
			isa = PBXGroup;
			children = (
				A605C9D41BB3F06600E9497F /* Locksmith.app */,
				A605C9EC1BB3F06600E9497F /* LocksmithTests.xctest */,
				A605C9F71BB3F06600E9497F /* LocksmithUITests.xctest */,
			);
			name = Products;
			sourceTree = "<group>";
		};
		A605C9D61BB3F06600E9497F /* Locksmith */ = {
			isa = PBXGroup;
			children = (
				A605C9D71BB3F06600E9497F /* AppDelegate.swift */,
				A605C9DB1BB3F06600E9497F /* GameScene.swift */,
				A605C9DD1BB3F06600E9497F /* GameViewController.swift */,
				A605C9DF1BB3F06600E9497F /* Main.storyboard */,
				A605C9E21BB3F06600E9497F /* Assets.xcassets */,
				A605C9E41BB3F06600E9497F /* LaunchScreen.storyboard */,
				A605C9E71BB3F06600E9497F /* Info.plist */,
				A605CA091BB42A4C00E9497F /* Extensions.swift */,
				8E3B4D5822023CD400FF0C7E /* StatsViewController.swift */,
				A605CA0B1BB45F4200E9497F /* MenuViewController.swift */,
				8E01987A2202AC6E00658D81 /* EndlessGameViewController.swift */,
				8E0198782202A6F400658D81 /* EndlessGameScene.swift */,
				8E3BACC12202102600606C49 /* GoogleService-Info.plist */,
			);
			path = Locksmith;
			sourceTree = "<group>";
		};
		A605C9EF1BB3F06600E9497F /* LocksmithTests */ = {
			isa = PBXGroup;
			children = (
				A605C9F01BB3F06600E9497F /* LocksmithTests.swift */,
				A605C9F21BB3F06600E9497F /* Info.plist */,
			);
			path = LocksmithTests;
			sourceTree = "<group>";
		};
		A605C9FA1BB3F06600E9497F /* LocksmithUITests */ = {
			isa = PBXGroup;
			children = (
				A605C9FB1BB3F06600E9497F /* LocksmithUITests.swift */,
				A605C9FD1BB3F06600E9497F /* Info.plist */,
			);
			path = LocksmithUITests;
			sourceTree = "<group>";
		};
/* End PBXGroup section */

/* Begin PBXNativeTarget section */
		A605C9D31BB3F06600E9497F /* Locksmith */ = {
			isa = PBXNativeTarget;
			buildConfigurationList = A605CA001BB3F06600E9497F /* Build configuration list for PBXNativeTarget "Locksmith" */;
			buildPhases = (
				204DC545C5A611AAF98DCDC0 /* [CP] Check Pods Manifest.lock */,
				A605C9D01BB3F06600E9497F /* Sources */,
				A605C9D11BB3F06600E9497F /* Frameworks */,
				A605C9D21BB3F06600E9497F /* Resources */,
				18579BA71631F442FBB19942 /* [CP] Embed Pods Frameworks */,
			);
			buildRules = (
			);
			dependencies = (
			);
			name = Locksmith;
			productName = Locksmith;
			productReference = A605C9D41BB3F06600E9497F /* Locksmith.app */;
			productType = "com.apple.product-type.application";
		};
		A605C9EB1BB3F06600E9497F /* LocksmithTests */ = {
			isa = PBXNativeTarget;
			buildConfigurationList = A605CA031BB3F06600E9497F /* Build configuration list for PBXNativeTarget "LocksmithTests" */;
			buildPhases = (
				0CD5079271DBBE29A56F1D31 /* [CP] Check Pods Manifest.lock */,
				A605C9E81BB3F06600E9497F /* Sources */,
				A605C9E91BB3F06600E9497F /* Frameworks */,
				A605C9EA1BB3F06600E9497F /* Resources */,
			);
			buildRules = (
			);
			dependencies = (
				A605C9EE1BB3F06600E9497F /* PBXTargetDependency */,
			);
			name = LocksmithTests;
			productName = LocksmithTests;
			productReference = A605C9EC1BB3F06600E9497F /* LocksmithTests.xctest */;
			productType = "com.apple.product-type.bundle.unit-test";
		};
		A605C9F61BB3F06600E9497F /* LocksmithUITests */ = {
			isa = PBXNativeTarget;
			buildConfigurationList = A605CA061BB3F06600E9497F /* Build configuration list for PBXNativeTarget "LocksmithUITests" */;
			buildPhases = (
				166D2BAA81380B112A7A70F1 /* [CP] Check Pods Manifest.lock */,
				A605C9F31BB3F06600E9497F /* Sources */,
				A605C9F41BB3F06600E9497F /* Frameworks */,
				A605C9F51BB3F06600E9497F /* Resources */,
			);
			buildRules = (
			);
			dependencies = (
				A605C9F91BB3F06600E9497F /* PBXTargetDependency */,
			);
			name = LocksmithUITests;
			productName = LocksmithUITests;
			productReference = A605C9F71BB3F06600E9497F /* LocksmithUITests.xctest */;
			productType = "com.apple.product-type.bundle.ui-testing";
		};
/* End PBXNativeTarget section */

/* Begin PBXProject section */
		A605C9CC1BB3F06600E9497F /* Project object */ = {
			isa = PBXProject;
			attributes = {
				LastSwiftUpdateCheck = 0710;
				LastUpgradeCheck = 1010;
				ORGANIZATIONNAME = "";
				TargetAttributes = {
					A605C9D31BB3F06600E9497F = {
						CreatedOnToolsVersion = 7.0;
						DevelopmentTeam = 2EUDXEZCCA;
						LastSwiftMigration = 1010;
					};
					A605C9EB1BB3F06600E9497F = {
						CreatedOnToolsVersion = 7.0;
						LastSwiftMigration = 1010;
						TestTargetID = A605C9D31BB3F06600E9497F;
					};
					A605C9F61BB3F06600E9497F = {
						CreatedOnToolsVersion = 7.0;
						LastSwiftMigration = 1010;
						TestTargetID = A605C9D31BB3F06600E9497F;
					};
				};
			};
			buildConfigurationList = A605C9CF1BB3F06600E9497F /* Build configuration list for PBXProject "Locksmith" */;
			compatibilityVersion = "Xcode 3.2";
			developmentRegion = English;
			hasScannedForEncodings = 0;
			knownRegions = (
				en,
				Base,
			);
			mainGroup = A605C9CB1BB3F06600E9497F;
			productRefGroup = A605C9D51BB3F06600E9497F /* Products */;
			projectDirPath = "";
			projectRoot = "";
			targets = (
				A605C9D31BB3F06600E9497F /* Locksmith */,
				A605C9EB1BB3F06600E9497F /* LocksmithTests */,
				A605C9F61BB3F06600E9497F /* LocksmithUITests */,
			);
		};
/* End PBXProject section */

/* Begin PBXResourcesBuildPhase section */
		A605C9D21BB3F06600E9497F /* Resources */ = {
			isa = PBXResourcesBuildPhase;
			buildActionMask = 2147483647;
			files = (
				A605C9E61BB3F06600E9497F /* LaunchScreen.storyboard in Resources */,
				8E3BACC22202102600606C49 /* GoogleService-Info.plist in Resources */,
				A605C9E31BB3F06600E9497F /* Assets.xcassets in Resources */,
				A605C9E11BB3F06600E9497F /* Main.storyboard in Resources */,
			);
			runOnlyForDeploymentPostprocessing = 0;
		};
		A605C9EA1BB3F06600E9497F /* Resources */ = {
			isa = PBXResourcesBuildPhase;
			buildActionMask = 2147483647;
			files = (
			);
			runOnlyForDeploymentPostprocessing = 0;
		};
		A605C9F51BB3F06600E9497F /* Resources */ = {
			isa = PBXResourcesBuildPhase;
			buildActionMask = 2147483647;
			files = (
			);
			runOnlyForDeploymentPostprocessing = 0;
		};
/* End PBXResourcesBuildPhase section */

/* Begin PBXShellScriptBuildPhase section */
		0CD5079271DBBE29A56F1D31 /* [CP] Check Pods Manifest.lock */ = {
			isa = PBXShellScriptBuildPhase;
			buildActionMask = 2147483647;
			files = (
			);
			inputFileListPaths = (
			);
			inputPaths = (
				"${PODS_PODFILE_DIR_PATH}/Podfile.lock",
				"${PODS_ROOT}/Manifest.lock",
			);
			name = "[CP] Check Pods Manifest.lock";
			outputFileListPaths = (
			);
			outputPaths = (
				"$(DERIVED_FILE_DIR)/Pods-LocksmithTests-checkManifestLockResult.txt",
			);
			runOnlyForDeploymentPostprocessing = 0;
			shellPath = /bin/sh;
			shellScript = "diff \"${PODS_PODFILE_DIR_PATH}/Podfile.lock\" \"${PODS_ROOT}/Manifest.lock\" > /dev/null\nif [ $? != 0 ] ; then\n    # print error to STDERR\n    echo \"error: The sandbox is not in sync with the Podfile.lock. Run 'pod install' or update your CocoaPods installation.\" >&2\n    exit 1\nfi\n# This output is used by Xcode 'outputs' to avoid re-running this script phase.\necho \"SUCCESS\" > \"${SCRIPT_OUTPUT_FILE_0}\"\n";
			showEnvVarsInLog = 0;
		};
		166D2BAA81380B112A7A70F1 /* [CP] Check Pods Manifest.lock */ = {
			isa = PBXShellScriptBuildPhase;
			buildActionMask = 2147483647;
			files = (
			);
			inputFileListPaths = (
			);
			inputPaths = (
				"${PODS_PODFILE_DIR_PATH}/Podfile.lock",
				"${PODS_ROOT}/Manifest.lock",
			);
			name = "[CP] Check Pods Manifest.lock";
			outputFileListPaths = (
			);
			outputPaths = (
				"$(DERIVED_FILE_DIR)/Pods-LocksmithUITests-checkManifestLockResult.txt",
			);
			runOnlyForDeploymentPostprocessing = 0;
			shellPath = /bin/sh;
			shellScript = "diff \"${PODS_PODFILE_DIR_PATH}/Podfile.lock\" \"${PODS_ROOT}/Manifest.lock\" > /dev/null\nif [ $? != 0 ] ; then\n    # print error to STDERR\n    echo \"error: The sandbox is not in sync with the Podfile.lock. Run 'pod install' or update your CocoaPods installation.\" >&2\n    exit 1\nfi\n# This output is used by Xcode 'outputs' to avoid re-running this script phase.\necho \"SUCCESS\" > \"${SCRIPT_OUTPUT_FILE_0}\"\n";
			showEnvVarsInLog = 0;
		};
		18579BA71631F442FBB19942 /* [CP] Embed Pods Frameworks */ = {
			isa = PBXShellScriptBuildPhase;
			buildActionMask = 2147483647;
			files = (
			);
			inputFileListPaths = (
			);
			inputPaths = (
				"${SRCROOT}/Pods/Target Support Files/Pods-Locksmith/Pods-Locksmith-frameworks.sh",
				"${BUILT_PRODUCTS_DIR}/GoogleUtilities/GoogleUtilities.framework",
				"${BUILT_PRODUCTS_DIR}/nanopb/nanopb.framework",
			);
			name = "[CP] Embed Pods Frameworks";
			outputFileListPaths = (
			);
			outputPaths = (
				"${TARGET_BUILD_DIR}/${FRAMEWORKS_FOLDER_PATH}/GoogleUtilities.framework",
				"${TARGET_BUILD_DIR}/${FRAMEWORKS_FOLDER_PATH}/nanopb.framework",
			);
			runOnlyForDeploymentPostprocessing = 0;
			shellPath = /bin/sh;
			shellScript = "\"${SRCROOT}/Pods/Target Support Files/Pods-Locksmith/Pods-Locksmith-frameworks.sh\"\n";
			showEnvVarsInLog = 0;
		};
		204DC545C5A611AAF98DCDC0 /* [CP] Check Pods Manifest.lock */ = {
			isa = PBXShellScriptBuildPhase;
			buildActionMask = 2147483647;
			files = (
			);
			inputFileListPaths = (
			);
			inputPaths = (
				"${PODS_PODFILE_DIR_PATH}/Podfile.lock",
				"${PODS_ROOT}/Manifest.lock",
			);
			name = "[CP] Check Pods Manifest.lock";
			outputFileListPaths = (
			);
			outputPaths = (
				"$(DERIVED_FILE_DIR)/Pods-Locksmith-checkManifestLockResult.txt",
			);
			runOnlyForDeploymentPostprocessing = 0;
			shellPath = /bin/sh;
			shellScript = "diff \"${PODS_PODFILE_DIR_PATH}/Podfile.lock\" \"${PODS_ROOT}/Manifest.lock\" > /dev/null\nif [ $? != 0 ] ; then\n    # print error to STDERR\n    echo \"error: The sandbox is not in sync with the Podfile.lock. Run 'pod install' or update your CocoaPods installation.\" >&2\n    exit 1\nfi\n# This output is used by Xcode 'outputs' to avoid re-running this script phase.\necho \"SUCCESS\" > \"${SCRIPT_OUTPUT_FILE_0}\"\n";
			showEnvVarsInLog = 0;
		};
/* End PBXShellScriptBuildPhase section */

/* Begin PBXSourcesBuildPhase section */
		A605C9D01BB3F06600E9497F /* Sources */ = {
			isa = PBXSourcesBuildPhase;
			buildActionMask = 2147483647;
			files = (
				A605C9DC1BB3F06600E9497F /* GameScene.swift in Sources */,
				8E01987B2202AC6E00658D81 /* EndlessGameViewController.swift in Sources */,
				A605CA0C1BB45F4200E9497F /* MenuViewController.swift in Sources */,
				8E0198792202A6F400658D81 /* EndlessGameScene.swift in Sources */,
				A605C9DE1BB3F06600E9497F /* GameViewController.swift in Sources */,
				A605C9D81BB3F06600E9497F /* AppDelegate.swift in Sources */,
				8E3B4D5922023CD400FF0C7E /* StatsViewController.swift in Sources */,
				A605CA0A1BB42A4C00E9497F /* Extensions.swift in Sources */,
			);
			runOnlyForDeploymentPostprocessing = 0;
		};
		A605C9E81BB3F06600E9497F /* Sources */ = {
			isa = PBXSourcesBuildPhase;
			buildActionMask = 2147483647;
			files = (
				A605C9F11BB3F06600E9497F /* LocksmithTests.swift in Sources */,
			);
			runOnlyForDeploymentPostprocessing = 0;
		};
		A605C9F31BB3F06600E9497F /* Sources */ = {
			isa = PBXSourcesBuildPhase;
			buildActionMask = 2147483647;
			files = (
				A605C9FC1BB3F06600E9497F /* LocksmithUITests.swift in Sources */,
			);
			runOnlyForDeploymentPostprocessing = 0;
		};
/* End PBXSourcesBuildPhase section */

/* Begin PBXTargetDependency section */
		A605C9EE1BB3F06600E9497F /* PBXTargetDependency */ = {
			isa = PBXTargetDependency;
			target = A605C9D31BB3F06600E9497F /* Locksmith */;
			targetProxy = A605C9ED1BB3F06600E9497F /* PBXContainerItemProxy */;
		};
		A605C9F91BB3F06600E9497F /* PBXTargetDependency */ = {
			isa = PBXTargetDependency;
			target = A605C9D31BB3F06600E9497F /* Locksmith */;
			targetProxy = A605C9F81BB3F06600E9497F /* PBXContainerItemProxy */;
		};
/* End PBXTargetDependency section */

/* Begin PBXVariantGroup section */
		A605C9DF1BB3F06600E9497F /* Main.storyboard */ = {
			isa = PBXVariantGroup;
			children = (
				A605C9E01BB3F06600E9497F /* Base */,
			);
			name = Main.storyboard;
			sourceTree = "<group>";
		};
		A605C9E41BB3F06600E9497F /* LaunchScreen.storyboard */ = {
			isa = PBXVariantGroup;
			children = (
				A605C9E51BB3F06600E9497F /* Base */,
			);
			name = LaunchScreen.storyboard;
			sourceTree = "<group>";
		};
/* End PBXVariantGroup section */

/* Begin XCBuildConfiguration section */
		A605C9FE1BB3F06600E9497F /* Debug */ = {
			isa = XCBuildConfiguration;
			buildSettings = {
				ALWAYS_SEARCH_USER_PATHS = NO;
				CLANG_CXX_LANGUAGE_STANDARD = "gnu++0x";
				CLANG_CXX_LIBRARY = "libc++";
				CLANG_ENABLE_MODULES = YES;
				CLANG_ENABLE_OBJC_ARC = YES;
				CLANG_WARN_BLOCK_CAPTURE_AUTORELEASING = YES;
				CLANG_WARN_BOOL_CONVERSION = YES;
				CLANG_WARN_COMMA = YES;
				CLANG_WARN_CONSTANT_CONVERSION = YES;
				CLANG_WARN_DEPRECATED_OBJC_IMPLEMENTATIONS = YES;
				CLANG_WARN_DIRECT_OBJC_ISA_USAGE = YES_ERROR;
				CLANG_WARN_EMPTY_BODY = YES;
				CLANG_WARN_ENUM_CONVERSION = YES;
				CLANG_WARN_INFINITE_RECURSION = YES;
				CLANG_WARN_INT_CONVERSION = YES;
				CLANG_WARN_NON_LITERAL_NULL_CONVERSION = YES;
				CLANG_WARN_OBJC_IMPLICIT_RETAIN_SELF = YES;
				CLANG_WARN_OBJC_LITERAL_CONVERSION = YES;
				CLANG_WARN_OBJC_ROOT_CLASS = YES_ERROR;
				CLANG_WARN_RANGE_LOOP_ANALYSIS = YES;
				CLANG_WARN_STRICT_PROTOTYPES = YES;
				CLANG_WARN_SUSPICIOUS_MOVE = YES;
				CLANG_WARN_UNREACHABLE_CODE = YES;
				CLANG_WARN__DUPLICATE_METHOD_MATCH = YES;
				"CODE_SIGN_IDENTITY[sdk=iphoneos*]" = "iPhone Developer";
				COPY_PHASE_STRIP = NO;
				DEBUG_INFORMATION_FORMAT = "dwarf-with-dsym";
				ENABLE_STRICT_OBJC_MSGSEND = YES;
				ENABLE_TESTABILITY = YES;
				GCC_C_LANGUAGE_STANDARD = gnu99;
				GCC_DYNAMIC_NO_PIC = NO;
				GCC_NO_COMMON_BLOCKS = YES;
				GCC_OPTIMIZATION_LEVEL = 0;
				GCC_PREPROCESSOR_DEFINITIONS = (
					"DEBUG=1",
					"$(inherited)",
				);
				GCC_WARN_64_TO_32_BIT_CONVERSION = YES;
				GCC_WARN_ABOUT_RETURN_TYPE = YES_ERROR;
				GCC_WARN_UNDECLARED_SELECTOR = YES;
				GCC_WARN_UNINITIALIZED_AUTOS = YES_AGGRESSIVE;
				GCC_WARN_UNUSED_FUNCTION = YES;
				GCC_WARN_UNUSED_VARIABLE = YES;
				IPHONEOS_DEPLOYMENT_TARGET = 9.0;
				MTL_ENABLE_DEBUG_INFO = YES;
				ONLY_ACTIVE_ARCH = YES;
				SDKROOT = iphoneos;
				SWIFT_OPTIMIZATION_LEVEL = "-Onone";
				SWIFT_VERSION = 4.0;
				TARGETED_DEVICE_FAMILY = "1,2";
			};
			name = Debug;
		};
		A605C9FF1BB3F06600E9497F /* Release */ = {
			isa = XCBuildConfiguration;
			buildSettings = {
				ALWAYS_SEARCH_USER_PATHS = NO;
				CLANG_CXX_LANGUAGE_STANDARD = "gnu++0x";
				CLANG_CXX_LIBRARY = "libc++";
				CLANG_ENABLE_MODULES = YES;
				CLANG_ENABLE_OBJC_ARC = YES;
				CLANG_WARN_BLOCK_CAPTURE_AUTORELEASING = YES;
				CLANG_WARN_BOOL_CONVERSION = YES;
				CLANG_WARN_COMMA = YES;
				CLANG_WARN_CONSTANT_CONVERSION = YES;
				CLANG_WARN_DEPRECATED_OBJC_IMPLEMENTATIONS = YES;
				CLANG_WARN_DIRECT_OBJC_ISA_USAGE = YES_ERROR;
				CLANG_WARN_EMPTY_BODY = YES;
				CLANG_WARN_ENUM_CONVERSION = YES;
				CLANG_WARN_INFINITE_RECURSION = YES;
				CLANG_WARN_INT_CONVERSION = YES;
				CLANG_WARN_NON_LITERAL_NULL_CONVERSION = YES;
				CLANG_WARN_OBJC_IMPLICIT_RETAIN_SELF = YES;
				CLANG_WARN_OBJC_LITERAL_CONVERSION = YES;
				CLANG_WARN_OBJC_ROOT_CLASS = YES_ERROR;
				CLANG_WARN_RANGE_LOOP_ANALYSIS = YES;
				CLANG_WARN_STRICT_PROTOTYPES = YES;
				CLANG_WARN_SUSPICIOUS_MOVE = YES;
				CLANG_WARN_UNREACHABLE_CODE = YES;
				CLANG_WARN__DUPLICATE_METHOD_MATCH = YES;
				"CODE_SIGN_IDENTITY[sdk=iphoneos*]" = "iPhone Developer";
				COPY_PHASE_STRIP = NO;
				DEBUG_INFORMATION_FORMAT = "dwarf-with-dsym";
				ENABLE_NS_ASSERTIONS = NO;
				ENABLE_STRICT_OBJC_MSGSEND = YES;
				GCC_C_LANGUAGE_STANDARD = gnu99;
				GCC_NO_COMMON_BLOCKS = YES;
				GCC_WARN_64_TO_32_BIT_CONVERSION = YES;
				GCC_WARN_ABOUT_RETURN_TYPE = YES_ERROR;
				GCC_WARN_UNDECLARED_SELECTOR = YES;
				GCC_WARN_UNINITIALIZED_AUTOS = YES_AGGRESSIVE;
				GCC_WARN_UNUSED_FUNCTION = YES;
				GCC_WARN_UNUSED_VARIABLE = YES;
				IPHONEOS_DEPLOYMENT_TARGET = 9.0;
				MTL_ENABLE_DEBUG_INFO = NO;
				SDKROOT = iphoneos;
				SWIFT_COMPILATION_MODE = wholemodule;
				SWIFT_VERSION = 4.0;
				TARGETED_DEVICE_FAMILY = "1,2";
				VALIDATE_PRODUCT = YES;
			};
			name = Release;
		};
		A605CA011BB3F06600E9497F /* Debug */ = {
			isa = XCBuildConfiguration;
			baseConfigurationReference = 9202845C5468E61E3881DB35 /* Pods-Locksmith.debug.xcconfig */;
			buildSettings = {
				ASSETCATALOG_COMPILER_APPICON_NAME = AppIcon;
				DEVELOPMENT_TEAM = 2EUDXEZCCA;
				INFOPLIST_FILE = Locksmith/Info.plist;
				IPHONEOS_DEPLOYMENT_TARGET = 10.0;
				LD_RUNPATH_SEARCH_PATHS = "$(inherited) @executable_path/Frameworks";
				PRODUCT_BUNDLE_IDENTIFIER = com.bgolski.Locksmith;
				PRODUCT_NAME = "$(TARGET_NAME)";
				SWIFT_VERSION = 4.2;
				TARGETED_DEVICE_FAMILY = "1,2";
			};
			name = Debug;
		};
		A605CA021BB3F06600E9497F /* Release */ = {
			isa = XCBuildConfiguration;
			baseConfigurationReference = DCA8D21022AFBCE23298983D /* Pods-Locksmith.release.xcconfig */;
			buildSettings = {
				ASSETCATALOG_COMPILER_APPICON_NAME = AppIcon;
				DEVELOPMENT_TEAM = 2EUDXEZCCA;
				INFOPLIST_FILE = Locksmith/Info.plist;
				IPHONEOS_DEPLOYMENT_TARGET = 10.0;
				LD_RUNPATH_SEARCH_PATHS = "$(inherited) @executable_path/Frameworks";
				PRODUCT_BUNDLE_IDENTIFIER = com.bgolski.Locksmith;
				PRODUCT_NAME = "$(TARGET_NAME)";
				SWIFT_VERSION = 4.2;
				TARGETED_DEVICE_FAMILY = "1,2";
			};
			name = Release;
		};
		A605CA041BB3F06600E9497F /* Debug */ = {
			isa = XCBuildConfiguration;
			baseConfigurationReference = 572AE55DEC49786ACF462619 /* Pods-LocksmithTests.debug.xcconfig */;
			buildSettings = {
				BUNDLE_LOADER = "$(TEST_HOST)";
				DEBUG_INFORMATION_FORMAT = dwarf;
				INFOPLIST_FILE = LocksmithTests/Info.plist;
				LD_RUNPATH_SEARCH_PATHS = "$(inherited) @executable_path/Frameworks @loader_path/Frameworks";
				PRODUCT_BUNDLE_IDENTIFIER = "com.rume.Pop-A-LockTests";
				PRODUCT_NAME = "$(TARGET_NAME)";
				SWIFT_VERSION = 4.2;
				TEST_HOST = "$(BUILT_PRODUCTS_DIR)/Locksmith.app/Locksmith";
			};
			name = Debug;
		};
		A605CA051BB3F06600E9497F /* Release */ = {
			isa = XCBuildConfiguration;
			baseConfigurationReference = 9D4E76E06D3319BAC85BA627 /* Pods-LocksmithTests.release.xcconfig */;
			buildSettings = {
				BUNDLE_LOADER = "$(TEST_HOST)";
				INFOPLIST_FILE = LocksmithTests/Info.plist;
				LD_RUNPATH_SEARCH_PATHS = "$(inherited) @executable_path/Frameworks @loader_path/Frameworks";
				PRODUCT_BUNDLE_IDENTIFIER = "com.rume.Pop-A-LockTests";
				PRODUCT_NAME = "$(TARGET_NAME)";
				SWIFT_VERSION = 4.2;
				TEST_HOST = "$(BUILT_PRODUCTS_DIR)/Locksmith.app/Locksmith";
			};
			name = Release;
		};
		A605CA071BB3F06600E9497F /* Debug */ = {
			isa = XCBuildConfiguration;
			baseConfigurationReference = 2363AA67C05A6E5F8356603E /* Pods-LocksmithUITests.debug.xcconfig */;
			buildSettings = {
				DEBUG_INFORMATION_FORMAT = dwarf;
				INFOPLIST_FILE = LocksmithUITests/Info.plist;
				LD_RUNPATH_SEARCH_PATHS = "$(inherited) @executable_path/Frameworks @loader_path/Frameworks";
				PRODUCT_BUNDLE_IDENTIFIER = "com.rume.Pop-A-LockUITests";
				PRODUCT_NAME = "$(TARGET_NAME)";
				SWIFT_VERSION = 4.2;
				TEST_TARGET_NAME = Locksmith;
				USES_XCTRUNNER = YES;
			};
			name = Debug;
		};
		A605CA081BB3F06600E9497F /* Release */ = {
			isa = XCBuildConfiguration;
			baseConfigurationReference = D830985EA3986F33F74AAABF /* Pods-LocksmithUITests.release.xcconfig */;
			buildSettings = {
				INFOPLIST_FILE = LocksmithUITests/Info.plist;
				LD_RUNPATH_SEARCH_PATHS = "$(inherited) @executable_path/Frameworks @loader_path/Frameworks";
				PRODUCT_BUNDLE_IDENTIFIER = "com.rume.Pop-A-LockUITests";
				PRODUCT_NAME = "$(TARGET_NAME)";
				SWIFT_VERSION = 4.2;
				TEST_TARGET_NAME = Locksmith;
				USES_XCTRUNNER = YES;
			};
			name = Release;
		};
/* End XCBuildConfiguration section */

/* Begin XCConfigurationList section */
		A605C9CF1BB3F06600E9497F /* Build configuration list for PBXProject "Locksmith" */ = {
			isa = XCConfigurationList;
			buildConfigurations = (
				A605C9FE1BB3F06600E9497F /* Debug */,
				A605C9FF1BB3F06600E9497F /* Release */,
			);
			defaultConfigurationIsVisible = 0;
			defaultConfigurationName = Release;
		};
		A605CA001BB3F06600E9497F /* Build configuration list for PBXNativeTarget "Locksmith" */ = {
			isa = XCConfigurationList;
			buildConfigurations = (
				A605CA011BB3F06600E9497F /* Debug */,
				A605CA021BB3F06600E9497F /* Release */,
			);
			defaultConfigurationIsVisible = 0;
			defaultConfigurationName = Release;
		};
		A605CA031BB3F06600E9497F /* Build configuration list for PBXNativeTarget "LocksmithTests" */ = {
			isa = XCConfigurationList;
			buildConfigurations = (
				A605CA041BB3F06600E9497F /* Debug */,
				A605CA051BB3F06600E9497F /* Release */,
			);
			defaultConfigurationIsVisible = 0;
			defaultConfigurationName = Release;
		};
		A605CA061BB3F06600E9497F /* Build configuration list for PBXNativeTarget "LocksmithUITests" */ = {
			isa = XCConfigurationList;
			buildConfigurations = (
				A605CA071BB3F06600E9497F /* Debug */,
				A605CA081BB3F06600E9497F /* Release */,
			);
			defaultConfigurationIsVisible = 0;
			defaultConfigurationName = Release;
		};
/* End XCConfigurationList section */
	};
	rootObject = A605C9CC1BB3F06600E9497F /* Project object */;
}
